
Microsoft Visual Studio Solution File, Format Version 12.00
# Visual Studio 15
VisualStudioVersion = 15.0.26730.16
MinimumVisualStudioVersion = 10.0.40219.1
Project("{FAE04EC0-301F-11D3-BF4B-00C04F79EFBC}") = "specflow", "specflow\specflow.csproj", "{35E25BF8-2DDF-44FF-8D22-EE322B7BABD1}"
EndProject
Global
	GlobalSection(SolutionConfigurationPlatforms) = preSolution
		Debug|Any CPU = Debug|Any CPU
		Release|Any CPU = Release|Any CPU
	EndGlobalSection
	GlobalSection(ProjectConfigurationPlatforms) = postSolution
		{35E25BF8-2DDF-44FF-8D22-EE322B7BABD1}.Debug|Any CPU.ActiveCfg = Debug|Any CPU
		{35E25BF8-2DDF-44FF-8D22-EE322B7BABD1}.Debug|Any CPU.Build.0 = Debug|Any CPU
		{35E25BF8-2DDF-44FF-8D22-EE322B7BABD1}.Release|Any CPU.ActiveCfg = Release|Any CPU
		{35E25BF8-2DDF-44FF-8D22-EE322B7BABD1}.Release|Any CPU.Build.0 = Release|Any CPU
	EndGlobalSection
	GlobalSection(SolutionProperties) = preSolution
		HideSolutionNode = FALSE
	EndGlobalSection
	GlobalSection(ExtensibilityGlobals) = postSolution
		SolutionGuid = {D3EA5F33-C92A-4229-8D54-866F3C26E42E}
	EndGlobalSection
EndGlobal
